
Microsoft Visual Studio Solution File, Format Version 12.00
# Visual Studio Version 17
VisualStudioVersion = 17.1.32407.343
MinimumVisualStudioVersion = 10.0.40219.1
Project("{8BC9CEB8-8B4A-11D0-8D11-00A0C91BC942}") = "DefaultProject", "DefaultProject\DefaultProject.vcxproj", "{276E5343-84D3-4C3F-A295-AA8A067CCCB6}"
EndProject
Project("{8BC9CEB8-8B4A-11D0-8D11-00A0C91BC942}") = "Zeus", "Zeus\Zeus.vcxproj", "{4038E85A-6657-4834-A43B-8D13D3125989}"
EndProject
Global
	GlobalSection(SolutionConfigurationPlatforms) = preSolution
		Debug|x64 = Debug|x64
		Release|x64 = Release|x64
	EndGlobalSection
	GlobalSection(ProjectConfigurationPlatforms) = postSolution
		{276E5343-84D3-4C3F-A295-AA8A067CCCB6}.Debug|x64.ActiveCfg = Debug|x64
		{276E5343-84D3-4C3F-A295-AA8A067CCCB6}.Debug|x64.Build.0 = Debug|x64
		{276E5343-84D3-4C3F-A295-AA8A067CCCB6}.Release|x64.ActiveCfg = Release|x64
		{276E5343-84D3-4C3F-A295-AA8A067CCCB6}.Release|x64.Build.0 = Release|x64
		{4038E85A-6657-4834-A43B-8D13D3125989}.Debug|x64.ActiveCfg = Debug|x64
		{4038E85A-6657-4834-A43B-8D13D3125989}.Debug|x64.Build.0 = Debug|x64
		{4038E85A-6657-4834-A43B-8D13D3125989}.Release|x64.ActiveCfg = Release|x64
		{4038E85A-6657-4834-A43B-8D13D3125989}.Release|x64.Build.0 = Release|x64
	EndGlobalSection
	GlobalSection(SolutionProperties) = preSolution
		HideSolutionNode = FALSE
	EndGlobalSection
	GlobalSection(ExtensibilityGlobals) = postSolution
		SolutionGuid = {0DB89F72-F885-481B-9FCE-36F3EF4EF48C}
	EndGlobalSection
EndGlobal
